
Microsoft Visual Studio Solution File, Format Version 12.00
# Visual Studio Version 17
VisualStudioVersion = 17.11.35208.52
MinimumVisualStudioVersion = 10.0.40219.1
Project("{FAE04EC0-301F-11D3-BF4B-00C04F79EFBC}") = "Orion WPF Project", "Orion WPF Project.csproj", "{732C8BB0-1378-4B47-A934-F4C636A7B08F}"
EndProject
Global
	GlobalSection(SolutionConfigurationPlatforms) = preSolution
		Debug|Any CPU = Debug|Any CPU
		Release|Any CPU = Release|Any CPU
	EndGlobalSection
	GlobalSection(ProjectConfigurationPlatforms) = postSolution
		{732C8BB0-1378-4B47-A934-F4C636A7B08F}.Debug|Any CPU.ActiveCfg = Debug|Any CPU
		{732C8BB0-1378-4B47-A934-F4C636A7B08F}.Debug|Any CPU.Build.0 = Debug|Any CPU
		{732C8BB0-1378-4B47-A934-F4C636A7B08F}.Release|Any CPU.ActiveCfg = Release|Any CPU
		{732C8BB0-1378-4B47-A934-F4C636A7B08F}.Release|Any CPU.Build.0 = Release|Any CPU
	EndGlobalSection
	GlobalSection(SolutionProperties) = preSolution
		HideSolutionNode = FALSE
	EndGlobalSection
	GlobalSection(ExtensibilityGlobals) = postSolution
		SolutionGuid = {822F0FAA-59A9-421E-92B3-F3E10E062E37}
	EndGlobalSection
EndGlobal
